
Microsoft Visual Studio Solution File, Format Version 12.00
# Visual Studio 15
VisualStudioVersion = 15.0.28307.168
MinimumVisualStudioVersion = 10.0.40219.1
Project("{FAE04EC0-301F-11D3-BF4B-00C04F79EFBC}") = "SchemingSharply", "SchemingSharply\SchemingSharply.csproj", "{E717B398-C3F9-407A-8D01-CD870C3C451F}"
EndProject
Project("{FAE04EC0-301F-11D3-BF4B-00C04F79EFBC}") = "SchemingScheduler", "SchemingScheduler\SchemingScheduler.csproj", "{4D364F27-7F77-4CC2-B3C4-FF9E2BB1FC4E}"
EndProject
Project("{8BC9CEB8-8B4A-11D0-8D11-00A0C91BC942}") = "SchemingPlusPlus", "SchemingPlusPlus\SchemingPlusPlus.vcxproj", "{97E7772A-2A1E-4570-98E2-3D8FF21B002A}"
EndProject
Global
	GlobalSection(SolutionConfigurationPlatforms) = preSolution
		Debug|Any CPU = Debug|Any CPU
		Debug|x64 = Debug|x64
		Debug|x86 = Debug|x86
		Release|Any CPU = Release|Any CPU
		Release|x64 = Release|x64
		Release|x86 = Release|x86
	EndGlobalSection
	GlobalSection(ProjectConfigurationPlatforms) = postSolution
		{E717B398-C3F9-407A-8D01-CD870C3C451F}.Debug|Any CPU.ActiveCfg = Debug|Any CPU
		{E717B398-C3F9-407A-8D01-CD870C3C451F}.Debug|Any CPU.Build.0 = Debug|Any CPU
		{E717B398-C3F9-407A-8D01-CD870C3C451F}.Debug|x64.ActiveCfg = Debug|Any CPU
		{E717B398-C3F9-407A-8D01-CD870C3C451F}.Debug|x64.Build.0 = Debug|Any CPU
		{E717B398-C3F9-407A-8D01-CD870C3C451F}.Debug|x86.ActiveCfg = Debug|Any CPU
		{E717B398-C3F9-407A-8D01-CD870C3C451F}.Debug|x86.Build.0 = Debug|Any CPU
		{E717B398-C3F9-407A-8D01-CD870C3C451F}.Release|Any CPU.ActiveCfg = Debug|Any CPU
		{E717B398-C3F9-407A-8D01-CD870C3C451F}.Release|Any CPU.Build.0 = Debug|Any CPU
		{E717B398-C3F9-407A-8D01-CD870C3C451F}.Release|x64.ActiveCfg = Debug|Any CPU
		{E717B398-C3F9-407A-8D01-CD870C3C451F}.Release|x64.Build.0 = Debug|Any CPU
		{E717B398-C3F9-407A-8D01-CD870C3C451F}.Release|x86.ActiveCfg = Debug|Any CPU
		{E717B398-C3F9-407A-8D01-CD870C3C451F}.Release|x86.Build.0 = Debug|Any CPU
		{4D364F27-7F77-4CC2-B3C4-FF9E2BB1FC4E}.Debug|Any CPU.ActiveCfg = Debug|Any CPU
		{4D364F27-7F77-4CC2-B3C4-FF9E2BB1FC4E}.Debug|x64.ActiveCfg = Debug|Any CPU
		{4D364F27-7F77-4CC2-B3C4-FF9E2BB1FC4E}.Debug|x64.Build.0 = Debug|Any CPU
		{4D364F27-7F77-4CC2-B3C4-FF9E2BB1FC4E}.Debug|x86.ActiveCfg = Debug|Any CPU
		{4D364F27-7F77-4CC2-B3C4-FF9E2BB1FC4E}.Debug|x86.Build.0 = Debug|Any CPU
		{4D364F27-7F77-4CC2-B3C4-FF9E2BB1FC4E}.Release|Any CPU.ActiveCfg = Debug|Any CPU
		{4D364F27-7F77-4CC2-B3C4-FF9E2BB1FC4E}.Release|Any CPU.Build.0 = Debug|Any CPU
		{4D364F27-7F77-4CC2-B3C4-FF9E2BB1FC4E}.Release|x64.ActiveCfg = Debug|Any CPU
		{4D364F27-7F77-4CC2-B3C4-FF9E2BB1FC4E}.Release|x64.Build.0 = Debug|Any CPU
		{4D364F27-7F77-4CC2-B3C4-FF9E2BB1FC4E}.Release|x86.ActiveCfg = Debug|Any CPU
		{4D364F27-7F77-4CC2-B3C4-FF9E2BB1FC4E}.Release|x86.Build.0 = Debug|Any CPU
		{97E7772A-2A1E-4570-98E2-3D8FF21B002A}.Debug|Any CPU.ActiveCfg = Debug|Win32
		{97E7772A-2A1E-4570-98E2-3D8FF21B002A}.Debug|Any CPU.Build.0 = Debug|Win32
		{97E7772A-2A1E-4570-98E2-3D8FF21B002A}.Debug|x64.ActiveCfg = Debug|Win32
		{97E7772A-2A1E-4570-98E2-3D8FF21B002A}.Debug|x64.Build.0 = Debug|Win32
		{97E7772A-2A1E-4570-98E2-3D8FF21B002A}.Debug|x86.ActiveCfg = Debug|Win32
		{97E7772A-2A1E-4570-98E2-3D8FF21B002A}.Debug|x86.Build.0 = Debug|Win32
		{97E7772A-2A1E-4570-98E2-3D8FF21B002A}.Release|Any CPU.ActiveCfg = Debug|Win32
		{97E7772A-2A1E-4570-98E2-3D8FF21B002A}.Release|Any CPU.Build.0 = Debug|Win32
		{97E7772A-2A1E-4570-98E2-3D8FF21B002A}.Release|x64.ActiveCfg = Debug|Win32
		{97E7772A-2A1E-4570-98E2-3D8FF21B002A}.Release|x64.Build.0 = Debug|Win32
		{97E7772A-2A1E-4570-98E2-3D8FF21B002A}.Release|x86.ActiveCfg = Debug|Win32
		{97E7772A-2A1E-4570-98E2-3D8FF21B002A}.Release|x86.Build.0 = Debug|Win32
	EndGlobalSection
	GlobalSection(SolutionProperties) = preSolution
		HideSolutionNode = FALSE
	EndGlobalSection
	GlobalSection(ExtensibilityGlobals) = postSolution
		SolutionGuid = {BB8E5E01-D6FA-4CAB-8A4F-0CE6873B03AD}
	EndGlobalSection
EndGlobal
