
Microsoft Visual Studio Solution File, Format Version 12.00
# Visual Studio 15
VisualStudioVersion = 15.0.28307.168
MinimumVisualStudioVersion = 10.0.40219.1
Project("{FAE04EC0-301F-11D3-BF4B-00C04F79EFBC}") = "SchemingSharply", "SchemingSharply\SchemingSharply.csproj", "{E717B398-C3F9-407A-8D01-CD870C3C451F}"
EndProject
Project("{FAE04EC0-301F-11D3-BF4B-00C04F79EFBC}") = "SchemingScheduler", "SchemingScheduler\SchemingScheduler.csproj", "{4D364F27-7F77-4CC2-B3C4-FF9E2BB1FC4E}"
EndProject
Project("{8BC9CEB8-8B4A-11D0-8D11-00A0C91BC942}") = "SchemingPlusPlus", "SchemingPlusPlus\SchemingPlusPlus.vcxproj", "{97E7772A-2A1E-4570-98E2-3D8FF21B002A}"
EndProject
Project("{2150E333-8FDC-42A3-9474-1A3956D46DE8}") = "C++ Projects", "C++ Projects", "{38B303DE-2F00-4F90-859D-9B8979861F09}"
EndProject
Project("{2150E333-8FDC-42A3-9474-1A3956D46DE8}") = "CSharp Projects", "CSharp Projects", "{3879149B-1544-4A3F-B85B-0CC3E2A14EA3}"
EndProject
Project("{8BC9CEB8-8B4A-11D0-8D11-00A0C91BC942}") = "EnvironmentTest", "Tests\EnvironmentTest\EnvironmentTest.vcxproj", "{D583EA27-AFB8-4801-85B5-98DAC9545D46}"
EndProject
Project("{8BC9CEB8-8B4A-11D0-8D11-00A0C91BC942}") = "MapTest", "Tests\MapTest\MapTest.vcxproj", "{A782DFA7-18E5-4139-9F70-81A53291BE88}"
EndProject
Project("{8BC9CEB8-8B4A-11D0-8D11-00A0C91BC942}") = "alisp", "alisp\alisp.vcxproj", "{3A8E0361-7E9F-4784-A59E-03F4CCBEEEA2}"
EndProject
Global
	GlobalSection(SolutionConfigurationPlatforms) = preSolution
		Debug|Any CPU = Debug|Any CPU
		Debug|x64 = Debug|x64
		Debug|x86 = Debug|x86
		Release|Any CPU = Release|Any CPU
		Release|x64 = Release|x64
		Release|x86 = Release|x86
	EndGlobalSection
	GlobalSection(ProjectConfigurationPlatforms) = postSolution
		{E717B398-C3F9-407A-8D01-CD870C3C451F}.Debug|Any CPU.ActiveCfg = Debug|Any CPU
		{E717B398-C3F9-407A-8D01-CD870C3C451F}.Debug|Any CPU.Build.0 = Debug|Any CPU
		{E717B398-C3F9-407A-8D01-CD870C3C451F}.Debug|x64.ActiveCfg = Debug|Any CPU
		{E717B398-C3F9-407A-8D01-CD870C3C451F}.Debug|x64.Build.0 = Debug|Any CPU
		{E717B398-C3F9-407A-8D01-CD870C3C451F}.Debug|x86.ActiveCfg = Debug|Any CPU
		{E717B398-C3F9-407A-8D01-CD870C3C451F}.Debug|x86.Build.0 = Debug|Any CPU
		{E717B398-C3F9-407A-8D01-CD870C3C451F}.Release|Any CPU.ActiveCfg = Release|Any CPU
		{E717B398-C3F9-407A-8D01-CD870C3C451F}.Release|Any CPU.Build.0 = Release|Any CPU
		{E717B398-C3F9-407A-8D01-CD870C3C451F}.Release|x64.ActiveCfg = Release|Any CPU
		{E717B398-C3F9-407A-8D01-CD870C3C451F}.Release|x64.Build.0 = Release|Any CPU
		{E717B398-C3F9-407A-8D01-CD870C3C451F}.Release|x86.ActiveCfg = Release|Any CPU
		{E717B398-C3F9-407A-8D01-CD870C3C451F}.Release|x86.Build.0 = Release|Any CPU
		{4D364F27-7F77-4CC2-B3C4-FF9E2BB1FC4E}.Debug|Any CPU.ActiveCfg = Debug|Any CPU
		{4D364F27-7F77-4CC2-B3C4-FF9E2BB1FC4E}.Debug|Any CPU.Build.0 = Debug|Any CPU
		{4D364F27-7F77-4CC2-B3C4-FF9E2BB1FC4E}.Debug|x64.ActiveCfg = Debug|Any CPU
		{4D364F27-7F77-4CC2-B3C4-FF9E2BB1FC4E}.Debug|x64.Build.0 = Debug|Any CPU
		{4D364F27-7F77-4CC2-B3C4-FF9E2BB1FC4E}.Debug|x86.ActiveCfg = Debug|Any CPU
		{4D364F27-7F77-4CC2-B3C4-FF9E2BB1FC4E}.Debug|x86.Build.0 = Debug|Any CPU
		{4D364F27-7F77-4CC2-B3C4-FF9E2BB1FC4E}.Release|Any CPU.ActiveCfg = Release|Any CPU
		{4D364F27-7F77-4CC2-B3C4-FF9E2BB1FC4E}.Release|Any CPU.Build.0 = Release|Any CPU
		{4D364F27-7F77-4CC2-B3C4-FF9E2BB1FC4E}.Release|x64.ActiveCfg = Release|Any CPU
		{4D364F27-7F77-4CC2-B3C4-FF9E2BB1FC4E}.Release|x64.Build.0 = Release|Any CPU
		{4D364F27-7F77-4CC2-B3C4-FF9E2BB1FC4E}.Release|x86.ActiveCfg = Release|Any CPU
		{4D364F27-7F77-4CC2-B3C4-FF9E2BB1FC4E}.Release|x86.Build.0 = Release|Any CPU
		{97E7772A-2A1E-4570-98E2-3D8FF21B002A}.Debug|Any CPU.ActiveCfg = Debug|Win32
		{97E7772A-2A1E-4570-98E2-3D8FF21B002A}.Debug|Any CPU.Build.0 = Debug|Win32
		{97E7772A-2A1E-4570-98E2-3D8FF21B002A}.Debug|x64.ActiveCfg = Debug|Win32
		{97E7772A-2A1E-4570-98E2-3D8FF21B002A}.Debug|x64.Build.0 = Debug|Win32
		{97E7772A-2A1E-4570-98E2-3D8FF21B002A}.Debug|x86.ActiveCfg = Debug|Win32
		{97E7772A-2A1E-4570-98E2-3D8FF21B002A}.Debug|x86.Build.0 = Debug|Win32
		{97E7772A-2A1E-4570-98E2-3D8FF21B002A}.Release|Any CPU.ActiveCfg = Release|Win32
		{97E7772A-2A1E-4570-98E2-3D8FF21B002A}.Release|Any CPU.Build.0 = Release|Win32
		{97E7772A-2A1E-4570-98E2-3D8FF21B002A}.Release|x64.ActiveCfg = Release|Win32
		{97E7772A-2A1E-4570-98E2-3D8FF21B002A}.Release|x64.Build.0 = Release|Win32
		{97E7772A-2A1E-4570-98E2-3D8FF21B002A}.Release|x86.ActiveCfg = Release|Win32
		{97E7772A-2A1E-4570-98E2-3D8FF21B002A}.Release|x86.Build.0 = Release|Win32
		{D583EA27-AFB8-4801-85B5-98DAC9545D46}.Debug|Any CPU.ActiveCfg = Debug|Win32
		{D583EA27-AFB8-4801-85B5-98DAC9545D46}.Debug|Any CPU.Build.0 = Debug|Win32
		{D583EA27-AFB8-4801-85B5-98DAC9545D46}.Debug|x64.ActiveCfg = Debug|Win32
		{D583EA27-AFB8-4801-85B5-98DAC9545D46}.Debug|x64.Build.0 = Debug|Win32
		{D583EA27-AFB8-4801-85B5-98DAC9545D46}.Debug|x86.ActiveCfg = Debug|Win32
		{D583EA27-AFB8-4801-85B5-98DAC9545D46}.Debug|x86.Build.0 = Debug|Win32
		{D583EA27-AFB8-4801-85B5-98DAC9545D46}.Release|Any CPU.ActiveCfg = Release|Win32
		{D583EA27-AFB8-4801-85B5-98DAC9545D46}.Release|Any CPU.Build.0 = Release|Win32
		{D583EA27-AFB8-4801-85B5-98DAC9545D46}.Release|x64.ActiveCfg = Release|Win32
		{D583EA27-AFB8-4801-85B5-98DAC9545D46}.Release|x64.Build.0 = Release|Win32
		{D583EA27-AFB8-4801-85B5-98DAC9545D46}.Release|x86.ActiveCfg = Release|Win32
		{D583EA27-AFB8-4801-85B5-98DAC9545D46}.Release|x86.Build.0 = Release|Win32
		{A782DFA7-18E5-4139-9F70-81A53291BE88}.Debug|Any CPU.ActiveCfg = Debug|Win32
		{A782DFA7-18E5-4139-9F70-81A53291BE88}.Debug|Any CPU.Build.0 = Debug|Win32
		{A782DFA7-18E5-4139-9F70-81A53291BE88}.Debug|x64.ActiveCfg = Debug|Win32
		{A782DFA7-18E5-4139-9F70-81A53291BE88}.Debug|x64.Build.0 = Debug|Win32
		{A782DFA7-18E5-4139-9F70-81A53291BE88}.Debug|x86.ActiveCfg = Debug|Win32
		{A782DFA7-18E5-4139-9F70-81A53291BE88}.Debug|x86.Build.0 = Debug|Win32
		{A782DFA7-18E5-4139-9F70-81A53291BE88}.Release|Any CPU.ActiveCfg = Release|Win32
		{A782DFA7-18E5-4139-9F70-81A53291BE88}.Release|Any CPU.Build.0 = Release|Win32
		{A782DFA7-18E5-4139-9F70-81A53291BE88}.Release|x64.ActiveCfg = Release|Win32
		{A782DFA7-18E5-4139-9F70-81A53291BE88}.Release|x64.Build.0 = Release|Win32
		{A782DFA7-18E5-4139-9F70-81A53291BE88}.Release|x86.ActiveCfg = Release|Win32
		{A782DFA7-18E5-4139-9F70-81A53291BE88}.Release|x86.Build.0 = Release|Win32
		{3A8E0361-7E9F-4784-A59E-03F4CCBEEEA2}.Debug|Any CPU.ActiveCfg = Debug|Win32
		{3A8E0361-7E9F-4784-A59E-03F4CCBEEEA2}.Debug|Any CPU.Build.0 = Debug|Win32
		{3A8E0361-7E9F-4784-A59E-03F4CCBEEEA2}.Debug|x64.ActiveCfg = Debug|Win32
		{3A8E0361-7E9F-4784-A59E-03F4CCBEEEA2}.Debug|x64.Build.0 = Debug|Win32
		{3A8E0361-7E9F-4784-A59E-03F4CCBEEEA2}.Debug|x86.ActiveCfg = Debug|Win32
		{3A8E0361-7E9F-4784-A59E-03F4CCBEEEA2}.Debug|x86.Build.0 = Debug|Win32
		{3A8E0361-7E9F-4784-A59E-03F4CCBEEEA2}.Release|Any CPU.ActiveCfg = Release|Win32
		{3A8E0361-7E9F-4784-A59E-03F4CCBEEEA2}.Release|Any CPU.Build.0 = Release|Win32
		{3A8E0361-7E9F-4784-A59E-03F4CCBEEEA2}.Release|x64.ActiveCfg = Release|Win32
		{3A8E0361-7E9F-4784-A59E-03F4CCBEEEA2}.Release|x64.Build.0 = Release|Win32
		{3A8E0361-7E9F-4784-A59E-03F4CCBEEEA2}.Release|x86.ActiveCfg = Release|Win32
		{3A8E0361-7E9F-4784-A59E-03F4CCBEEEA2}.Release|x86.Build.0 = Release|Win32
	EndGlobalSection
	GlobalSection(SolutionProperties) = preSolution
		HideSolutionNode = FALSE
	EndGlobalSection
	GlobalSection(NestedProjects) = preSolution
		{E717B398-C3F9-407A-8D01-CD870C3C451F} = {3879149B-1544-4A3F-B85B-0CC3E2A14EA3}
		{4D364F27-7F77-4CC2-B3C4-FF9E2BB1FC4E} = {3879149B-1544-4A3F-B85B-0CC3E2A14EA3}
		{97E7772A-2A1E-4570-98E2-3D8FF21B002A} = {38B303DE-2F00-4F90-859D-9B8979861F09}
		{D583EA27-AFB8-4801-85B5-98DAC9545D46} = {38B303DE-2F00-4F90-859D-9B8979861F09}
		{A782DFA7-18E5-4139-9F70-81A53291BE88} = {38B303DE-2F00-4F90-859D-9B8979861F09}
		{3A8E0361-7E9F-4784-A59E-03F4CCBEEEA2} = {38B303DE-2F00-4F90-859D-9B8979861F09}
	EndGlobalSection
	GlobalSection(ExtensibilityGlobals) = postSolution
		SolutionGuid = {BB8E5E01-D6FA-4CAB-8A4F-0CE6873B03AD}
	EndGlobalSection
EndGlobal
